
Microsoft Visual Studio Solution File, Format Version 12.00
# Visual Studio 15
Project("{FAE04EC0-301F-11D3-BF4B-00C04F79EFBC}") = "Assembly-CSharp", "Assembly-CSharp.csproj", "{0B076993-1697-DC2F-D101-730261E3DA6C}"
EndProject
Project("{FAE04EC0-301F-11D3-BF4B-00C04F79EFBC}") = "Assembly-CSharp-Editor", "Assembly-CSharp-Editor.csproj", "{4D4953A6-05EE-4D25-CF10-9694C5E00444}"
EndProject
Global
	GlobalSection(SolutionConfigurationPlatforms) = preSolution
		Debug|Any CPU = Debug|Any CPU
		Release|Any CPU = Release|Any CPU
	EndGlobalSection
	GlobalSection(ProjectConfigurationPlatforms) = postSolution
		{0B076993-1697-DC2F-D101-730261E3DA6C}.Debug|Any CPU.ActiveCfg = Debug|Any CPU
		{0B076993-1697-DC2F-D101-730261E3DA6C}.Debug|Any CPU.Build.0 = Debug|Any CPU
		{0B076993-1697-DC2F-D101-730261E3DA6C}.Release|Any CPU.ActiveCfg = Release|Any CPU
		{0B076993-1697-DC2F-D101-730261E3DA6C}.Release|Any CPU.Build.0 = Release|Any CPU
		{4D4953A6-05EE-4D25-CF10-9694C5E00444}.Debug|Any CPU.ActiveCfg = Debug|Any CPU
		{4D4953A6-05EE-4D25-CF10-9694C5E00444}.Debug|Any CPU.Build.0 = Debug|Any CPU
		{4D4953A6-05EE-4D25-CF10-9694C5E00444}.Release|Any CPU.ActiveCfg = Release|Any CPU
		{4D4953A6-05EE-4D25-CF10-9694C5E00444}.Release|Any CPU.Build.0 = Release|Any CPU
	EndGlobalSection
	GlobalSection(SolutionProperties) = preSolution
		HideSolutionNode = FALSE
	EndGlobalSection
EndGlobal
